<?xml version="1.0" encoding="utf-8"?>
<Project xmlns="http://schemas.microsoft.com/developer/msbuild/2003">
  <ItemGroup>
    <Filter Include="Generated Files">
      <UniqueIdentifier>{71ED8ED8-ACB9-4CE9-BBE1-E00B30144E11}</UniqueIdentifier>
      <Extensions>cpp;c;cxx;moc;h;def;odl;idl;res;</Extensions>
    </Filter>
    <Filter Include="Generated Files">
      <UniqueIdentifier>{71ED8ED8-ACB9-4CE9-BBE1-E00B30144E11}</UniqueIdentifier>
      <Extensions>cpp;c;cxx;moc;h;def;odl;idl;res;</Extensions>
    </Filter>
    <Filter Include="Header Files">
      <UniqueIdentifier>{93995380-89BD-4b04-88EB-625FBE52EBFB}</UniqueIdentifier>
      <Extensions>h;hpp;hxx;hm;inl;inc;xsd</Extensions>
    </Filter>
    <Filter Include="Header Files">
      <UniqueIdentifier>{93995380-89BD-4b04-88EB-625FBE52EBFB}</UniqueIdentifier>
      <Extensions>h;hpp;hxx;hm;inl;inc;xsd</Extensions>
    </Filter>
    <Filter Include="Resource Files">
      <UniqueIdentifier>{D9D6E242-F8AF-46E4-B9FD-80ECBC20BA3E}</UniqueIdentifier>
      <Extensions>qrc;*</Extensions>
      <ParseFiles>false</ParseFiles>
    </Filter>
    <Filter Include="Resource Files">
      <UniqueIdentifier>{D9D6E242-F8AF-46E4-B9FD-80ECBC20BA3E}</UniqueIdentifier>
      <Extensions>qrc;*</Extensions>
      <ParseFiles>false</ParseFiles>
    </Filter>
    <Filter Include="Source Files">
      <UniqueIdentifier>{4FC737F1-C7A5-4376-A066-2A32D752A2FF}</UniqueIdentifier>
      <Extensions>cpp;c;cxx;def;odl;idl;hpj;bat;asm;asmx</Extensions>
    </Filter>
    <Filter Include="Source Files">
      <UniqueIdentifier>{4FC737F1-C7A5-4376-A066-2A32D752A2FF}</UniqueIdentifier>
      <Extensions>cpp;c;cxx;def;odl;idl;hpj;bat;asm;asmx</Extensions>
    </Filter>
    <Filter Include="Translation Files">
      <UniqueIdentifier>{639EADAA-A684-42e4-A9AD-28FC9BCB8F7C}</UniqueIdentifier>
      <Extensions>ts;xlf</Extensions>
      <ParseFiles>false</ParseFiles>
    </Filter>
    <Filter Include="Translation Files">
      <UniqueIdentifier>{639EADAA-A684-42e4-A9AD-28FC9BCB8F7C}</UniqueIdentifier>
      <Extensions>ts;xlf</Extensions>
      <ParseFiles>false</ParseFiles>
    </Filter>
    <Filter Include="Distribution Files">
      <UniqueIdentifier>{B83CAF91-C7BF-462F-B76C-EA11631F866C}</UniqueIdentifier>
      <Extensions>*</Extensions>
      <ParseFiles>false</ParseFiles>
    </Filter>
    <Filter Include="Distribution Files">
      <UniqueIdentifier>{B83CAF91-C7BF-462F-B76C-EA11631F866C}</UniqueIdentifier>
      <Extensions>*</Extensions>
      <ParseFiles>false</ParseFiles>
    </Filter>
    <Filter Include="qmlcachegen">
      <UniqueIdentifier>{E0D8C965-CC5F-43d7-AD63-FAEF0BBC0F85}-qmlcache</UniqueIdentifier>
      <ParseFiles>false</ParseFiles>
    </Filter>
    <Filter Include="qmlcachegen">
      <UniqueIdentifier>{E0D8C965-CC5F-43d7-AD63-FAEF0BBC0F85}-qmlcache</UniqueIdentifier>
      <ParseFiles>false</ParseFiles>
    </Filter>
    <Filter Include="qmlcachengen_loader">
      <UniqueIdentifier>{E0D8C965-CC5F-43d7-AD63-FAEF0BBC0F85}-qmlcache_loader</UniqueIdentifier>
      <ParseFiles>false</ParseFiles>
    </Filter>
    <Filter Include="qmlcachengen_loader">
      <UniqueIdentifier>{E0D8C965-CC5F-43d7-AD63-FAEF0BBC0F85}-qmlcache_loader</UniqueIdentifier>
      <ParseFiles>false</ParseFiles>
    </Filter>
  </ItemGroup>
  <ItemGroup>
    <ClCompile Include="src\QQmlObjectListModel.cpp">
      <Filter>Source Files</Filter>
    </ClCompile>
    <ClCompile Include="src\plop\gd.cpp">
      <Filter>Source Files</Filter>
    </ClCompile>
    <ClCompile Include="src\plop\grid_gen.cpp">
      <Filter>Source Files</Filter>
    </ClCompile>
    <ClCompile Include="src\main.cpp">
      <Filter>Source Files</Filter>
    </ClCompile>
    <ClCompile Include="src\mes2.cpp">
      <Filter>Source Files</Filter>
    </ClCompile>
    <ClCompile Include="src\model.cpp">
      <Filter>Source Files</Filter>
    </ClCompile>
    <ClCompile Include="src\plop\plate.cpp">
      <Filter>Source Files</Filter>
    </ClCompile>
    <ClCompile Include="src\plop\plate_global.cpp">
      <Filter>Source Files</Filter>
    </ClCompile>
    <ClCompile Include="src\plop\plop_debug.cpp">
      <Filter>Source Files</Filter>
    </ClCompile>
    <ClCompile Include="src\plop\plop_parser.cpp">
      <Filter>Source Files</Filter>
    </ClCompile>
    <ClCompile Include="src\plop\plop_run.cpp">
      <Filter>Source Files</Filter>
    </ClCompile>
    <ClCompile Include="src\plop\plot.cpp">
      <Filter>Source Files</Filter>
    </ClCompile>
    <ClCompile Include="src\plop\sparsemat.cpp">
      <Filter>Source Files</Filter>
    </ClCompile>
  </ItemGroup>
  <ItemGroup>
    <QtMoc Include="src\QQmlObjectListModel.h">
      <Filter>Header Files</Filter>
    </QtMoc>
    <ClInclude Include="src\plop\SparseStat.h">
      <Filter>Header Files</Filter>
    </ClInclude>
    <ClInclude Include="src\plop\gd.h">
      <Filter>Header Files</Filter>
    </ClInclude>
    <ClInclude Include="src\plop\global.h">
      <Filter>Header Files</Filter>
    </ClInclude>
    <ClInclude Include="src\plop\grid_gen.h">
      <Filter>Header Files</Filter>
    </ClInclude>
    <QtMoc Include="src\model.h">
      <Filter>Header Files</Filter>
    </QtMoc>
    <ClInclude Include="src\plop\parm_types.h">
      <Filter>Header Files</Filter>
    </ClInclude>
    <ClInclude Include="src\plop\plate_global.h">
      <Filter>Header Files</Filter>
    </ClInclude>
    <ClInclude Include="src\plop\plop_debug.h">
      <Filter>Header Files</Filter>
    </ClInclude>
    <ClInclude Include="src\plop\plop_parms.h">
      <Filter>Header Files</Filter>
    </ClInclude>
    <ClInclude Include="src\plop\plop_parser.h">
      <Filter>Header Files</Filter>
    </ClInclude>
    <ClInclude Include="src\plop\plot.h">
      <Filter>Header Files</Filter>
    </ClInclude>
    <ClInclude Include="src\plop\sparsemat.h">
      <Filter>Header Files</Filter>
    </ClInclude>
  </ItemGroup>
  <ItemGroup>
    <CustomBuild Include="Intermediate\Debug\Win32\moc_predefs.h.cbt">
      <Filter>Generated Files</Filter>
    </CustomBuild>
    <CustomBuild Include="Intermediate\Release\Win32\moc_predefs.h.cbt">
      <Filter>Generated Files</Filter>
    </CustomBuild>
    <ClCompile Include="debug\qml_AppTheme_qml.cpp">
      <Filter>Generated Files</Filter>
    </ClCompile>
    <ClCompile Include="release\qml_AppTheme_qml.cpp">
      <Filter>Generated Files</Filter>
    </ClCompile>
    <ClCompile Include="debug\qml_MyJoystick_qml.cpp">
      <Filter>Generated Files</Filter>
    </ClCompile>
    <ClCompile Include="release\qml_MyJoystick_qml.cpp">
      <Filter>Generated Files</Filter>
    </ClCompile>
    <ClCompile Include="debug\qml_MyMultiText_qml.cpp">
      <Filter>Generated Files</Filter>
    </ClCompile>
    <ClCompile Include="release\qml_MyMultiText_qml.cpp">
      <Filter>Generated Files</Filter>
    </ClCompile>
    <ClCompile Include="debug\qml_MyOText_qml.cpp">
      <Filter>Generated Files</Filter>
    </ClCompile>
    <ClCompile Include="release\qml_MyOText_qml.cpp">
      <Filter>Generated Files</Filter>
    </ClCompile>
    <ClCompile Include="debug\qml_MyText_qml.cpp">
      <Filter>Generated Files</Filter>
    </ClCompile>
    <ClCompile Include="release\qml_MyText_qml.cpp">
      <Filter>Generated Files</Filter>
    </ClCompile>
    <ClCompile Include="debug\qml_main_qml.cpp">
      <Filter>Generated Files</Filter>
    </ClCompile>
    <ClCompile Include="release\qml_main_qml.cpp">
      <Filter>Generated Files</Filter>
    </ClCompile>
    <ClCompile Include="debug\qmlcache_loader.cpp">
      <Filter>Generated Files</Filter>
    </ClCompile>
    <ClCompile Include="release\qmlcache_loader.cpp">
      <Filter>Generated Files</Filter>
    </ClCompile>
  </ItemGroup>
  <ItemGroup>
    <None Include="language\cbscope_cs.ts">
      <Filter>Translation Files</Filter>
    </None>
    <None Include="language\cbscope_da.ts">
      <Filter>Translation Files</Filter>
    </None>
    <None Include="language\cbscope_de.ts">
      <Filter>Translation Files</Filter>
    </None>
    <None Include="language\cbscope_en.ts">
      <Filter>Translation Files</Filter>
    </None>
    <None Include="language\cbscope_es.ts">
      <Filter>Translation Files</Filter>
    </None>
    <None Include="language\cbscope_fi.ts">
      <Filter>Translation Files</Filter>
    </None>
    <None Include="language\cbscope_fr.ts">
      <Filter>Translation Files</Filter>
    </None>
    <None Include="language\cbscope_hr.ts">
      <Filter>Translation Files</Filter>
    </None>
    <None Include="language\cbscope_hu.ts">
      <Filter>Translation Files</Filter>
    </None>
    <None Include="language\cbscope_it.ts">
      <Filter>Translation Files</Filter>
    </None>
    <None Include="language\cbscope_ja.ts">
      <Filter>Translation Files</Filter>
    </None>
    <None Include="language\cbscope_ko.ts">
      <Filter>Translation Files</Filter>
    </None>
    <None Include="language\cbscope_lt.ts">
      <Filter>Translation Files</Filter>
    </None>
    <None Include="language\cbscope_lv.ts">
      <Filter>Translation Files</Filter>
    </None>
    <None Include="language\cbscope_no.ts">
      <Filter>Translation Files</Filter>
    </None>
    <None Include="language\cbscope_pl.ts">
      <Filter>Translation Files</Filter>
    </None>
    <None Include="language\cbscope_pt-br.ts">
      <Filter>Translation Files</Filter>
    </None>
    <None Include="language\cbscope_pt-pt.ts">
      <Filter>Translation Files</Filter>
    </None>
    <None Include="language\cbscope_ru.ts">
      <Filter>Translation Files</Filter>
    </None>
    <None Include="language\cbscope_sk.ts">
      <Filter>Translation Files</Filter>
    </None>
    <None Include="language\cbscope_sr.ts">
      <Filter>Translation Files</Filter>
    </None>
    <None Include="language\cbscope_sv.ts">
      <Filter>Translation Files</Filter>
    </None>
    <None Include="language\cbscope_zh-cn.ts">
      <Filter>Translation Files</Filter>
    </None>
    <None Include="language\cbscope_zh-tw.ts">
      <Filter>Translation Files</Filter>
    </None>
    <None Include=".\src\plop\makefile" />
    <None Include=".\src\plop\plop.ide" />
  </ItemGroup>
  <ItemGroup>
    <None Include="Resources\help\CBScope_help.htm">
      <Filter>Resource Files</Filter>
    </None>
    <None Include="language\cbscope_cs.qm">
      <Filter>Resource Files</Filter>
    </None>
    <None Include="language\cbscope_da.qm">
      <Filter>Resource Files</Filter>
    </None>
    <None Include="language\cbscope_de.qm">
      <Filter>Resource Files</Filter>
    </None>
    <None Include="language\cbscope_en.qm">
      <Filter>Resource Files</Filter>
    </None>
    <None Include="language\cbscope_es.qm">
      <Filter>Resource Files</Filter>
    </None>
    <None Include="language\cbscope_fi.qm">
      <Filter>Resource Files</Filter>
    </None>
    <None Include="language\cbscope_fr.qm">
      <Filter>Resource Files</Filter>
    </None>
    <None Include="language\cbscope_hr.qm">
      <Filter>Resource Files</Filter>
    </None>
    <None Include="language\cbscope_hu.qm">
      <Filter>Resource Files</Filter>
    </None>
    <None Include="language\cbscope_it.qm">
      <Filter>Resource Files</Filter>
    </None>
    <None Include="language\cbscope_ja.qm">
      <Filter>Resource Files</Filter>
    </None>
    <None Include="language\cbscope_ko.qm">
      <Filter>Resource Files</Filter>
    </None>
    <None Include="language\cbscope_lt.qm">
      <Filter>Resource Files</Filter>
    </None>
    <None Include="language\cbscope_lv.qm">
      <Filter>Resource Files</Filter>
    </None>
    <None Include="language\cbscope_no.qm">
      <Filter>Resource Files</Filter>
    </None>
    <None Include="language\cbscope_pl.qm">
      <Filter>Resource Files</Filter>
    </None>
    <None Include="language\cbscope_pt-br.qm">
      <Filter>Resource Files</Filter>
    </None>
    <None Include="language\cbscope_pt-pt.qm">
      <Filter>Resource Files</Filter>
    </None>
    <None Include="language\cbscope_ru.qm">
      <Filter>Resource Files</Filter>
    </None>
    <None Include="language\cbscope_sk.qm">
      <Filter>Resource Files</Filter>
    </None>
    <None Include="language\cbscope_sr.qm">
      <Filter>Resource Files</Filter>
    </None>
    <None Include="language\cbscope_sv.qm">
      <Filter>Resource Files</Filter>
    </None>
    <None Include="language\cbscope_zh-cn.qm">
      <Filter>Resource Files</Filter>
    </None>
    <None Include="language\cbscope_zh-tw.qm">
      <Filter>Resource Files</Filter>
    </None>
    <None Include="Resources\help\CBScope_help_files\colorschememapping.xml">
      <Filter>Resource Files</Filter>
    </None>
    <None Include="Resources\help\CBScope_help_files\filelist.xml">
      <Filter>Resource Files</Filter>
    </None>
    <None Include="Resources\help\CBScope_help_files\header.htm">
      <Filter>Resource Files</Filter>
    </None>
    <None Include="Resources\icon.png">
      <Filter>Resource Files</Filter>
    </None>
    <None Include="Resources\help\CBScope_help_files\image001.png">
      <Filter>Resource Files</Filter>
    </None>
    <None Include="Resources\help\CBScope_help_files\image002.jpg">
      <Filter>Resource Files</Filter>
    </None>
    <None Include="Resources\help\CBScope_help_files\image003.png">
      <Filter>Resource Files</Filter>
    </None>
    <None Include="Resources\help\CBScope_help_files\image004.jpg">
      <Filter>Resource Files</Filter>
    </None>
    <None Include="Resources\help\CBScope_help_files\image005.png">
      <Filter>Resource Files</Filter>
    </None>
    <None Include="Resources\help\CBScope_help_files\image006.jpg">
      <Filter>Resource Files</Filter>
    </None>
    <None Include="Resources\help\CBScope_help_files\image007.png">
      <Filter>Resource Files</Filter>
    </None>
    <None Include="Resources\help\CBScope_help_files\image008.jpg">
      <Filter>Resource Files</Filter>
    </None>
    <None Include="Resources\help\CBScope_help_files\image009.png">
      <Filter>Resource Files</Filter>
    </None>
    <None Include="Resources\help\CBScope_help_files\image010.jpg">
      <Filter>Resource Files</Filter>
    </None>
    <None Include="Resources\help\CBScope_help_files\image011.jpg">
      <Filter>Resource Files</Filter>
    </None>
    <None Include="Resources\help\CBScope_help_files\image012.jpg">
      <Filter>Resource Files</Filter>
    </None>
    <None Include="Resources\help\CBScope_help_files\image013.png">
      <Filter>Resource Files</Filter>
    </None>
    <None Include="Resources\help\CBScope_help_files\image014.jpg">
      <Filter>Resource Files</Filter>
    </None>
    <None Include="Resources\help\CBScope_help_files\image015.png">
      <Filter>Resource Files</Filter>
    </None>
    <None Include="Resources\help\CBScope_help_files\image016.jpg">
      <Filter>Resource Files</Filter>
    </None>
    <None Include="Resources\help\CBScope_help_files\image017.png">
      <Filter>Resource Files</Filter>
    </None>
    <None Include="Resources\help\CBScope_help_files\image018.jpg">
      <Filter>Resource Files</Filter>
    </None>
    <None Include="Resources\help\CBScope_help_files\image019.png">
      <Filter>Resource Files</Filter>
    </None>
    <None Include="Resources\help\CBScope_help_files\image020.jpg">
      <Filter>Resource Files</Filter>
    </None>
    <None Include="Resources\help\CBScope_help_files\image021.png">
      <Filter>Resource Files</Filter>
    </None>
    <None Include="Resources\help\CBScope_help_files\image022.jpg">
      <Filter>Resource Files</Filter>
    </None>
    <None Include="Resources\help\CBScope_help_files\image023.png">
      <Filter>Resource Files</Filter>
    </None>
    <None Include="Resources\help\CBScope_help_files\image024.jpg">
      <Filter>Resource Files</Filter>
    </None>
    <None Include="Resources\help\CBScope_help_files\image025.png">
      <Filter>Resource Files</Filter>
    </None>
    <None Include="Resources\help\CBScope_help_files\image026.jpg">
      <Filter>Resource Files</Filter>
    </None>
    <None Include="Resources\help\CBScope_help_files\image027.png">
      <Filter>Resource Files</Filter>
    </None>
    <None Include="Resources\help\CBScope_help_files\image028.jpg">
      <Filter>Resource Files</Filter>
    </None>
    <None Include="Resources\help\CBScope_help_files\image029.png">
      <Filter>Resource Files</Filter>
    </None>
    <None Include="Resources\help\CBScope_help_files\image030.jpg">
      <Filter>Resource Files</Filter>
    </None>
    <None Include="qml\qmldir">
      <Filter>Resource Files</Filter>
    </None>
    <QtRcc Include="resources_qmlcache.qrc">
      <Filter>Resource Files</Filter>
    </QtRcc>
    <None Include="Resources\help\CBScope_help_files\themedata.thmx">
      <Filter>Resource Files</Filter>
    </None>
  </ItemGroup>
  <ItemGroup>
    <None Include="android\AndroidManifest.xml">
      <Filter>Distribution Files</Filter>
    </None>
    <None Include="qml\MyJoystick.qml">
      <Filter>Distribution Files</Filter>
    </None>
    <None Include="qml\MyMultiText.qml">
      <Filter>Distribution Files</Filter>
    </None>
    <None Include="qml\MyOText.qml">
      <Filter>Distribution Files</Filter>
    </None>
    <None Include="android\build.gradle">
      <Filter>Distribution Files</Filter>
    </None>
    <None Include="android\gradle\wrapper\gradle-wrapper.jar">
      <Filter>Distribution Files</Filter>
    </None>
    <None Include="android\gradle\wrapper\gradle-wrapper.properties">
      <Filter>Distribution Files</Filter>
    </None>
    <None Include="android\gradlew.bat">
      <Filter>Distribution Files</Filter>
    </None>
    <None Include="android\gradlew">
      <Filter>Distribution Files</Filter>
    </None>
    <None Include="android\res\values\libs.xml">
      <Filter>Distribution Files</Filter>
    </None>
  </ItemGroup>
  <ItemGroup>
    <CustomBuild Include="qml\AppTheme.qml">
      <Filter>qmlcachegen</Filter>
    </CustomBuild>
    <CustomBuild Include="qml\MyJoystick.qml">
      <Filter>qmlcachegen</Filter>
    </CustomBuild>
    <CustomBuild Include="qml\MyMultiText.qml">
      <Filter>qmlcachegen</Filter>
    </CustomBuild>
    <CustomBuild Include="qml\MyOText.qml">
      <Filter>qmlcachegen</Filter>
    </CustomBuild>
    <CustomBuild Include="qml\MyText.qml">
      <Filter>qmlcachegen</Filter>
    </CustomBuild>
    <CustomBuild Include="qml\main.qml">
      <Filter>qmlcachegen</Filter>
    </CustomBuild>
  </ItemGroup>
  <ItemGroup>
    <CustomBuild Include="resources.qrc">
      <Filter>qmlcachengen_loader</Filter>
    </CustomBuild>
  </ItemGroup>
  <ItemGroup>
    <ResourceCompile Include=".\CBScope_resource.rc" />
  </ItemGroup>
</Project>